PODS:
  - Alamofire (5.0.0-rc.2)
  - Realm (3.21.0):
    - Realm/Headers (= 3.21.0)
  - Realm/Headers (3.21.0)
  - RealmSwift (3.21.0):
    - Realm (= 3.21.0)
  - SwiftLint (0.27.0)
  - TwoWayBondage (2.0.1)

DEPENDENCIES:
  - Alamofire (= 5.0.0-rc.2)
  - RealmSwift (~> 3.18)
  - SwiftLint
  - TwoWayBondage (~> 2.0.1)

SPEC REPOS:
  https://github.com/CocoaPods/Specs.git:
    - Alamofire
    - Realm
    - RealmSwift
    - SwiftLint
    - TwoWayBondage

SPEC CHECKSUMS:
  Alamofire: f9450d3c7f6bea2ad62e7a541c3e9b186c7991d6
  Realm: 38e9dcb19104b58407167d99f70d4995f7c16023
  RealmSwift: 3183cc1ad48378fbcd634311b22c0e6c44021152
  SwiftLint: 3207c1faa2240bf8973b191820a116113cd11073
  TwoWayBondage: fb56f9e15c725628a4f2b8ecb2a987673286aea9

PODFILE CHECKSUM: 57bf41544b874835eaec385abc91604a89ecddf6

COCOAPODS: 1.9.1
